
Microsoft Visual Studio Solution File, Format Version 12.00
# Visual Studio Version 17
VisualStudioVersion = 17.9.34622.214
MinimumVisualStudioVersion = 10.0.40219.1
Project("{9A19103F-16F7-4668-BE54-9A1E7A4F7556}") = "Etap1", "Etap1.csproj", "{75F40918-4E2A-46A6-9440-753FC0FE8D5A}"
EndProject
Project("{FAE04EC0-301F-11D3-BF4B-00C04F79EFBC}") = "Etap1Tests", "..\Etap1Tests\Etap1Tests.csproj", "{C1CEDE1D-1445-4A2E-9F7F-241F90861628}"
EndProject
Global
	GlobalSection(SolutionConfigurationPlatforms) = preSolution
		Debug|Any CPU = Debug|Any CPU
		Release|Any CPU = Release|Any CPU
	EndGlobalSection
	GlobalSection(ProjectConfigurationPlatforms) = postSolution
		{75F40918-4E2A-46A6-9440-753FC0FE8D5A}.Debug|Any CPU.ActiveCfg = Debug|Any CPU
		{75F40918-4E2A-46A6-9440-753FC0FE8D5A}.Debug|Any CPU.Build.0 = Debug|Any CPU
		{75F40918-4E2A-46A6-9440-753FC0FE8D5A}.Release|Any CPU.ActiveCfg = Release|Any CPU
		{75F40918-4E2A-46A6-9440-753FC0FE8D5A}.Release|Any CPU.Build.0 = Release|Any CPU
		{C1CEDE1D-1445-4A2E-9F7F-241F90861628}.Debug|Any CPU.ActiveCfg = Debug|Any CPU
		{C1CEDE1D-1445-4A2E-9F7F-241F90861628}.Debug|Any CPU.Build.0 = Debug|Any CPU
		{C1CEDE1D-1445-4A2E-9F7F-241F90861628}.Release|Any CPU.ActiveCfg = Release|Any CPU
		{C1CEDE1D-1445-4A2E-9F7F-241F90861628}.Release|Any CPU.Build.0 = Release|Any CPU
	EndGlobalSection
	GlobalSection(SolutionProperties) = preSolution
		HideSolutionNode = FALSE
	EndGlobalSection
	GlobalSection(ExtensibilityGlobals) = postSolution
		SolutionGuid = {51C582EB-AA40-4EC9-8951-FFE701491E56}
	EndGlobalSection
EndGlobal
