
Microsoft Visual Studio Solution File, Format Version 12.00
# Visual Studio Version 17
VisualStudioVersion = 17.9.34622.214
MinimumVisualStudioVersion = 10.0.40219.1
Project("{FAE04EC0-301F-11D3-BF4B-00C04F79EFBC}") = "Projekt", "Projekt.csproj", "{6BB656A8-BBBC-40BA-91F8-D5C3BE1E58AE}"
EndProject
Project("{FAE04EC0-301F-11D3-BF4B-00C04F79EFBC}") = "ProjektUnitTests", "..\ProjektUnitTests\ProjektUnitTests.csproj", "{CE31C4AB-F9CF-449A-86B9-E60B83D54F1B}"
EndProject
Global
	GlobalSection(SolutionConfigurationPlatforms) = preSolution
		Debug|Any CPU = Debug|Any CPU
		Release|Any CPU = Release|Any CPU
	EndGlobalSection
	GlobalSection(ProjectConfigurationPlatforms) = postSolution
		{6BB656A8-BBBC-40BA-91F8-D5C3BE1E58AE}.Debug|Any CPU.ActiveCfg = Debug|Any CPU
		{6BB656A8-BBBC-40BA-91F8-D5C3BE1E58AE}.Debug|Any CPU.Build.0 = Debug|Any CPU
		{6BB656A8-BBBC-40BA-91F8-D5C3BE1E58AE}.Release|Any CPU.ActiveCfg = Release|Any CPU
		{6BB656A8-BBBC-40BA-91F8-D5C3BE1E58AE}.Release|Any CPU.Build.0 = Release|Any CPU
		{CE31C4AB-F9CF-449A-86B9-E60B83D54F1B}.Debug|Any CPU.ActiveCfg = Debug|Any CPU
		{CE31C4AB-F9CF-449A-86B9-E60B83D54F1B}.Debug|Any CPU.Build.0 = Debug|Any CPU
		{CE31C4AB-F9CF-449A-86B9-E60B83D54F1B}.Release|Any CPU.ActiveCfg = Release|Any CPU
		{CE31C4AB-F9CF-449A-86B9-E60B83D54F1B}.Release|Any CPU.Build.0 = Release|Any CPU
	EndGlobalSection
	GlobalSection(SolutionProperties) = preSolution
		HideSolutionNode = FALSE
	EndGlobalSection
	GlobalSection(ExtensibilityGlobals) = postSolution
		SolutionGuid = {A7D2321C-9FF6-4B47-86DD-883AD1ADD983}
	EndGlobalSection
EndGlobal
